
Microsoft Visual Studio Solution File, Format Version 12.00
# Visual Studio Version 17
VisualStudioVersion = 17.2.32602.215
MinimumVisualStudioVersion = 10.0.40219.1
Project("{FAE04EC0-301F-11D3-BF4B-00C04F79EFBC}") = "Stream", "Stream\Stream.csproj", "{FC5FD8DE-547D-45DE-9D5C-0E3119D72EB3}"
EndProject
Global
	GlobalSection(SolutionConfigurationPlatforms) = preSolution
		Debug|Any CPU = Debug|Any CPU
		Release|Any CPU = Release|Any CPU
	EndGlobalSection
	GlobalSection(ProjectConfigurationPlatforms) = postSolution
		{FC5FD8DE-547D-45DE-9D5C-0E3119D72EB3}.Debug|Any CPU.ActiveCfg = Debug|Any CPU
		{FC5FD8DE-547D-45DE-9D5C-0E3119D72EB3}.Debug|Any CPU.Build.0 = Debug|Any CPU
		{FC5FD8DE-547D-45DE-9D5C-0E3119D72EB3}.Release|Any CPU.ActiveCfg = Release|Any CPU
		{FC5FD8DE-547D-45DE-9D5C-0E3119D72EB3}.Release|Any CPU.Build.0 = Release|Any CPU
	EndGlobalSection
	GlobalSection(SolutionProperties) = preSolution
		HideSolutionNode = FALSE
	EndGlobalSection
	GlobalSection(ExtensibilityGlobals) = postSolution
		SolutionGuid = {D47E4895-7F73-4EFF-BE51-46CFA495E55E}
	EndGlobalSection
EndGlobal
